{
    "version": 3,
    "terraform_version": "0.11.14",
    "serial": 4,
    "lineage": "096b67d5-dcc8-f08b-a99b-4192a173c329",
    "modules": [
        {
            "path": [
                "root"
            ],
            "outputs": {
                "ip": {
                    "sensitive": false,
                    "type": "string",
                    "value": "3.86.58.107"
                }
            },
            "resources": {
                "aws_instance.AG_DEVOPSINUSE": {
                    "type": "aws_instance",
                    "depends_on": [],
                    "primary": {
                        "id": "i-034c703ac7a90c6fe",
                        "attributes": {
                            "ami": "ami-0b553b4cb25d77416",
                            "arn": "arn:aws:ec2:us-east-1:564360489160:instance/i-034c703ac7a90c6fe",
                            "associate_public_ip_address": "true",
                            "availability_zone": "us-east-1c",
                            "cpu_core_count": "1",
                            "cpu_threads_per_core": "1",
                            "credit_specification.#": "1",
                            "credit_specification.0.cpu_credits": "standard",
                            "disable_api_termination": "false",
                            "ebs_block_device.#": "0",
                            "ebs_optimized": "false",
                            "ephemeral_block_device.#": "0",
                            "get_password_data": "false",
                            "iam_instance_profile": "",
                            "id": "i-034c703ac7a90c6fe",
                            "instance_state": "running",
                            "instance_type": "t2.micro",
                            "ipv6_address_count": "0",
                            "ipv6_addresses.#": "0",
                            "key_name": "",
                            "monitoring": "false",
                            "network_interface.#": "0",
                            "password_data": "",
                            "placement_group": "",
                            "primary_network_interface_id": "eni-0e80cefc84a78f34f",
                            "private_dns": "ip-172-31-83-162.ec2.internal",
                            "private_ip": "172.31.83.162",
                            "public_dns": "ec2-3-86-58-107.compute-1.amazonaws.com",
                            "public_ip": "3.86.58.107",
                            "root_block_device.#": "1",
                            "root_block_device.0.delete_on_termination": "true",
                            "root_block_device.0.encrypted": "false",
                            "root_block_device.0.iops": "100",
                            "root_block_device.0.kms_key_id": "",
                            "root_block_device.0.volume_id": "vol-01c8a90b4c4723173",
                            "root_block_device.0.volume_size": "8",
                            "root_block_device.0.volume_type": "gp2",
                            "security_groups.#": "1",
                            "security_groups.3814588639": "default",
                            "source_dest_check": "true",
                            "subnet_id": "subnet-41f3f06f",
                            "tags.%": "1",
                            "tags.Name": "AG",
                            "tenancy": "default",
                            "volume_tags.%": "0",
                            "vpc_security_group_ids.#": "1",
                            "vpc_security_group_ids.3740915301": "sg-99686ecb"
                        },
                        "meta": {
                            "e2bfb730-ecaa-11e6-8f88-34363bc7c4c0": {
                                "create": 600000000000,
                                "delete": 1200000000000,
                                "update": 600000000000
                            },
                            "schema_version": "1"
                        },
                        "tainted": false
                    },
                    "deposed": [],
                    "provider": "provider.aws"
                }
            },
            "depends_on": []
        }
    ]
}
